
Microsoft Visual Studio Solution File, Format Version 12.00
# Visual Studio Version 16
VisualStudioVersion = 16.0.29519.181
MinimumVisualStudioVersion = 10.0.40219.1
Project("{8BC9CEB8-8B4A-11D0-8D11-00A0C91BC942}") = "E1", "E1.vcxproj", "{8ACA29C2-4D95-4985-9184-0BD39EB118CD}"
EndProject
Global
	GlobalSection(SolutionConfigurationPlatforms) = preSolution
		Debug|x64 = Debug|x64
		Debug|x86 = Debug|x86
		Release|x64 = Release|x64
		Release|x86 = Release|x86
	EndGlobalSection
	GlobalSection(ProjectConfigurationPlatforms) = postSolution
		{8ACA29C2-4D95-4985-9184-0BD39EB118CD}.Debug|x64.ActiveCfg = Debug|x64
		{8ACA29C2-4D95-4985-9184-0BD39EB118CD}.Debug|x64.Build.0 = Debug|x64
		{8ACA29C2-4D95-4985-9184-0BD39EB118CD}.Debug|x86.ActiveCfg = Debug|Win32
		{8ACA29C2-4D95-4985-9184-0BD39EB118CD}.Debug|x86.Build.0 = Debug|Win32
		{8ACA29C2-4D95-4985-9184-0BD39EB118CD}.Release|x64.ActiveCfg = Release|x64
		{8ACA29C2-4D95-4985-9184-0BD39EB118CD}.Release|x64.Build.0 = Release|x64
		{8ACA29C2-4D95-4985-9184-0BD39EB118CD}.Release|x86.ActiveCfg = Release|Win32
		{8ACA29C2-4D95-4985-9184-0BD39EB118CD}.Release|x86.Build.0 = Release|Win32
	EndGlobalSection
	GlobalSection(SolutionProperties) = preSolution
		HideSolutionNode = FALSE
	EndGlobalSection
	GlobalSection(ExtensibilityGlobals) = postSolution
		SolutionGuid = {D8AC732D-0967-4F4D-92C9-4834E7399178}
	EndGlobalSection
EndGlobal
