
Microsoft Visual Studio Solution File, Format Version 12.00
# Visual Studio Version 16
VisualStudioVersion = 16.0.29519.181
MinimumVisualStudioVersion = 10.0.40219.1
Project("{8BC9CEB8-8B4A-11D0-8D11-00A0C91BC942}") = "E3", "E3.vcxproj", "{30BDD1A7-E8CD-478A-9FFD-4A7FB6838588}"
EndProject
Global
	GlobalSection(SolutionConfigurationPlatforms) = preSolution
		Debug|x64 = Debug|x64
		Debug|x86 = Debug|x86
		Release|x64 = Release|x64
		Release|x86 = Release|x86
	EndGlobalSection
	GlobalSection(ProjectConfigurationPlatforms) = postSolution
		{30BDD1A7-E8CD-478A-9FFD-4A7FB6838588}.Debug|x64.ActiveCfg = Debug|x64
		{30BDD1A7-E8CD-478A-9FFD-4A7FB6838588}.Debug|x64.Build.0 = Debug|x64
		{30BDD1A7-E8CD-478A-9FFD-4A7FB6838588}.Debug|x86.ActiveCfg = Debug|Win32
		{30BDD1A7-E8CD-478A-9FFD-4A7FB6838588}.Debug|x86.Build.0 = Debug|Win32
		{30BDD1A7-E8CD-478A-9FFD-4A7FB6838588}.Release|x64.ActiveCfg = Release|x64
		{30BDD1A7-E8CD-478A-9FFD-4A7FB6838588}.Release|x64.Build.0 = Release|x64
		{30BDD1A7-E8CD-478A-9FFD-4A7FB6838588}.Release|x86.ActiveCfg = Release|Win32
		{30BDD1A7-E8CD-478A-9FFD-4A7FB6838588}.Release|x86.Build.0 = Release|Win32
	EndGlobalSection
	GlobalSection(SolutionProperties) = preSolution
		HideSolutionNode = FALSE
	EndGlobalSection
	GlobalSection(ExtensibilityGlobals) = postSolution
		SolutionGuid = {F5D7C9CF-3C19-4970-9079-EF34F7B76FEF}
	EndGlobalSection
EndGlobal
